
Microsoft Visual Studio Solution File, Format Version 12.00
# Visual Studio Version 16
VisualStudioVersion = 16.0.32413.511
MinimumVisualStudioVersion = 10.0.40219.1
Project("{9A19103F-16F7-4668-BE54-9A1E7A4F7556}") = "BookStore", "BookStore\BookStore.csproj", "{C6918160-BFD6-4F2F-AA86-7AFD191ADE73}"
EndProject
Project("{2150E333-8FDC-42A3-9474-1A3956D46DE8}") = "Tests", "Tests", "{9A71634F-2F5A-43E5-AC11-2CDF794A1744}"
EndProject
Project("{FAE04EC0-301F-11D3-BF4B-00C04F79EFBC}") = "WebAPI.UnitTests", "WebAPI.UnitTests\WebAPI.UnitTests.csproj", "{A22A7844-3787-4DC3-BDC7-F38C4AA9CE83}"
EndProject
Global
	GlobalSection(SolutionConfigurationPlatforms) = preSolution
		Debug|Any CPU = Debug|Any CPU
		Release|Any CPU = Release|Any CPU
	EndGlobalSection
	GlobalSection(ProjectConfigurationPlatforms) = postSolution
		{C6918160-BFD6-4F2F-AA86-7AFD191ADE73}.Debug|Any CPU.ActiveCfg = Debug|Any CPU
		{C6918160-BFD6-4F2F-AA86-7AFD191ADE73}.Debug|Any CPU.Build.0 = Debug|Any CPU
		{C6918160-BFD6-4F2F-AA86-7AFD191ADE73}.Release|Any CPU.ActiveCfg = Release|Any CPU
		{C6918160-BFD6-4F2F-AA86-7AFD191ADE73}.Release|Any CPU.Build.0 = Release|Any CPU
		{A22A7844-3787-4DC3-BDC7-F38C4AA9CE83}.Debug|Any CPU.ActiveCfg = Debug|Any CPU
		{A22A7844-3787-4DC3-BDC7-F38C4AA9CE83}.Debug|Any CPU.Build.0 = Debug|Any CPU
		{A22A7844-3787-4DC3-BDC7-F38C4AA9CE83}.Release|Any CPU.ActiveCfg = Release|Any CPU
		{A22A7844-3787-4DC3-BDC7-F38C4AA9CE83}.Release|Any CPU.Build.0 = Release|Any CPU
	EndGlobalSection
	GlobalSection(SolutionProperties) = preSolution
		HideSolutionNode = FALSE
	EndGlobalSection
	GlobalSection(NestedProjects) = preSolution
		{A22A7844-3787-4DC3-BDC7-F38C4AA9CE83} = {9A71634F-2F5A-43E5-AC11-2CDF794A1744}
	EndGlobalSection
	GlobalSection(ExtensibilityGlobals) = postSolution
		SolutionGuid = {0B021EFB-86B9-41EA-B3EC-EA671D2E27BF}
	EndGlobalSection
EndGlobal
